
Microsoft Visual Studio Solution File, Format Version 12.00
# Visual Studio Version 17
VisualStudioVersion = 17.0.32112.339
MinimumVisualStudioVersion = 10.0.40219.1
Project("{FAE04EC0-301F-11D3-BF4B-00C04F79EFBC}") = "Cab_Invoice_Problem", "Cab_Invoice_Problem.csproj", "{D3962C07-8F49-42CB-83BE-05719F09E517}"
EndProject
Project("{FAE04EC0-301F-11D3-BF4B-00C04F79EFBC}") = "Cab_Invoice_Tests", "..\Cab_Invoice_Tests\Cab_Invoice_Tests.csproj", "{D309FAFF-714B-4AA1-90EF-095A9954C6D7}"
EndProject
Global
	GlobalSection(SolutionConfigurationPlatforms) = preSolution
		Debug|Any CPU = Debug|Any CPU
		Release|Any CPU = Release|Any CPU
	EndGlobalSection
	GlobalSection(ProjectConfigurationPlatforms) = postSolution
		{D3962C07-8F49-42CB-83BE-05719F09E517}.Debug|Any CPU.ActiveCfg = Debug|Any CPU
		{D3962C07-8F49-42CB-83BE-05719F09E517}.Debug|Any CPU.Build.0 = Debug|Any CPU
		{D3962C07-8F49-42CB-83BE-05719F09E517}.Release|Any CPU.ActiveCfg = Release|Any CPU
		{D3962C07-8F49-42CB-83BE-05719F09E517}.Release|Any CPU.Build.0 = Release|Any CPU
		{D309FAFF-714B-4AA1-90EF-095A9954C6D7}.Debug|Any CPU.ActiveCfg = Debug|Any CPU
		{D309FAFF-714B-4AA1-90EF-095A9954C6D7}.Debug|Any CPU.Build.0 = Debug|Any CPU
		{D309FAFF-714B-4AA1-90EF-095A9954C6D7}.Release|Any CPU.ActiveCfg = Release|Any CPU
		{D309FAFF-714B-4AA1-90EF-095A9954C6D7}.Release|Any CPU.Build.0 = Release|Any CPU
	EndGlobalSection
	GlobalSection(SolutionProperties) = preSolution
		HideSolutionNode = FALSE
	EndGlobalSection
	GlobalSection(ExtensibilityGlobals) = postSolution
		SolutionGuid = {AB3EF351-818D-4EE0-BBAA-8EE820F6E81C}
	EndGlobalSection
EndGlobal
